
Microsoft Visual Studio Solution File, Format Version 12.00
# Visual Studio 15
VisualStudioVersion = 15.0.27703.2000
MinimumVisualStudioVersion = 10.0.40219.1
Project("{FAE04EC0-301F-11D3-BF4B-00C04F79EFBC}") = "KeepApliveApplication", "KeepApliveApplication\KeepApliveApplication.csproj", "{0D89061F-E47C-43B6-A0C8-83FDD9FDA119}"
EndProject
Global
	GlobalSection(SolutionConfigurationPlatforms) = preSolution
		Debug|Any CPU = Debug|Any CPU
		Release|Any CPU = Release|Any CPU
	EndGlobalSection
	GlobalSection(ProjectConfigurationPlatforms) = postSolution
		{0D89061F-E47C-43B6-A0C8-83FDD9FDA119}.Debug|Any CPU.ActiveCfg = Debug|Any CPU
		{0D89061F-E47C-43B6-A0C8-83FDD9FDA119}.Debug|Any CPU.Build.0 = Debug|Any CPU
		{0D89061F-E47C-43B6-A0C8-83FDD9FDA119}.Release|Any CPU.ActiveCfg = Release|Any CPU
		{0D89061F-E47C-43B6-A0C8-83FDD9FDA119}.Release|Any CPU.Build.0 = Release|Any CPU
	EndGlobalSection
	GlobalSection(SolutionProperties) = preSolution
		HideSolutionNode = FALSE
	EndGlobalSection
	GlobalSection(ExtensibilityGlobals) = postSolution
		SolutionGuid = {F38FBE7D-FD63-4FF4-AFC4-C0E29C859AF8}
	EndGlobalSection
EndGlobal
